// !$*UTF8*$!
{
	archiveVersion = 1;
	classes = {
	};
	objectVersion = 46;
	objects = {

/* Begin PBXBuildFile section */
		34E47259192B7ECF0061E077 /* field.c in Sources */ = {isa = PBXBuildFile; fileRef = 34E47250192B7ECF0061E077 /* field.c */; };
		34E4725A192B7ECF0061E077 /* main.c in Sources */ = {isa = PBXBuildFile; fileRef = 34E47253192B7ECF0061E077 /* main.c */; };
		34E4725B192B7ECF0061E077 /* route.c in Sources */ = {isa = PBXBuildFile; fileRef = 34E47255192B7ECF0061E077 /* route.c */; };
		34E4725C192B7ECF0061E077 /* types.c in Sources */ = {isa = PBXBuildFile; fileRef = 34E47257192B7ECF0061E077 /* types.c */; };
/* End PBXBuildFile section */

/* Begin PBXCopyFilesBuildPhase section */
		34A3C2E81926194400C72616 /* CopyFiles */ = {
			isa = PBXCopyFilesBuildPhase;
			buildActionMask = 12;
			dstPath = /usr/share/man/man1/;
			dstSubfolderSpec = 0;
			files = (
			);
			runOnlyForDeploymentPostprocessing = 0;
		};
/* End PBXCopyFilesBuildPhase section */

/* Begin PBXFileReference section */
		34A3C2EA1926194400C72616 /* 	 */ = {isa = PBXFileReference; explicitFileType = "compiled.mach-o.executable"; includeInIndex = 0; path = "	"; sourceTree = BUILT_PRODUCTS_DIR; };
		34E47250192B7ECF0061E077 /* field.c */ = {isa = PBXFileReference; fileEncoding = 4; lastKnownFileType = sourcecode.c.c; name = field.c; path = src/field.c; sourceTree = SOURCE_ROOT; };
		34E47251192B7ECF0061E077 /* field.h */ = {isa = PBXFileReference; fileEncoding = 4; lastKnownFileType = sourcecode.c.h; name = field.h; path = src/field.h; sourceTree = SOURCE_ROOT; };
		34E47252192B7ECF0061E077 /* macros.h */ = {isa = PBXFileReference; fileEncoding = 4; lastKnownFileType = sourcecode.c.h; name = macros.h; path = src/macros.h; sourceTree = SOURCE_ROOT; };
		34E47253192B7ECF0061E077 /* main.c */ = {isa = PBXFileReference; fileEncoding = 4; lastKnownFileType = sourcecode.c.c; name = main.c; path = src/main.c; sourceTree = SOURCE_ROOT; };
		34E47255192B7ECF0061E077 /* route.c */ = {isa = PBXFileReference; fileEncoding = 4; lastKnownFileType = sourcecode.c.c; name = route.c; path = src/route.c; sourceTree = SOURCE_ROOT; };
		34E47256192B7ECF0061E077 /* route.h */ = {isa = PBXFileReference; fileEncoding = 4; lastKnownFileType = sourcecode.c.h; name = route.h; path = src/route.h; sourceTree = SOURCE_ROOT; };
		34E47257192B7ECF0061E077 /* types.c */ = {isa = PBXFileReference; fileEncoding = 4; lastKnownFileType = sourcecode.c.c; name = types.c; path = src/types.c; sourceTree = SOURCE_ROOT; };
		34E47258192B7ECF0061E077 /* types.h */ = {isa = PBXFileReference; fileEncoding = 4; lastKnownFileType = sourcecode.c.h; name = types.h; path = src/types.h; sourceTree = SOURCE_ROOT; };
/* End PBXFileReference section */

/* Begin PBXFrameworksBuildPhase section */
		34A3C2E71926194400C72616 /* Frameworks */ = {
			isa = PBXFrameworksBuildPhase;
			buildActionMask = 2147483647;
			files = (
			);
			runOnlyForDeploymentPostprocessing = 0;
		};
/* End PBXFrameworksBuildPhase section */

/* Begin PBXGroup section */
		34A3C2E11926194300C72616 = {
			isa = PBXGroup;
			children = (
				34A3C2EC1926194400C72616 /* routeplannerx */,
				34A3C2EB1926194400C72616 /* Products */,
			);
			sourceTree = "<group>";
		};
		34A3C2EB1926194400C72616 /* Products */ = {
			isa = PBXGroup;
			children = (
				34A3C2EA1926194400C72616 /* 	 */,
			);
			name = Products;
			sourceTree = "<group>";
		};
		34A3C2EC1926194400C72616 /* routeplannerx */ = {
			isa = PBXGroup;
			children = (
				34E47250192B7ECF0061E077 /* field.c */,
				34E47251192B7ECF0061E077 /* field.h */,
				34E47252192B7ECF0061E077 /* macros.h */,
				34E47253192B7ECF0061E077 /* main.c */,
				34E47255192B7ECF0061E077 /* route.c */,
				34E47256192B7ECF0061E077 /* route.h */,
				34E47257192B7ECF0061E077 /* types.c */,
				34E47258192B7ECF0061E077 /* types.h */,
			);
			path = routeplannerx;
			sourceTree = "<group>";
		};
/* End PBXGroup section */

/* Begin PBXNativeTarget section */
		34A3C2E91926194400C72616 /* 	 */ = {
			isa = PBXNativeTarget;
			buildConfigurationList = 34A3C2F31926194400C72616 /* Build configuration list for PBXNativeTarget "	" */;
			buildPhases = (
				34A3C2E61926194400C72616 /* Sources */,
				34A3C2E71926194400C72616 /* Frameworks */,
				34A3C2E81926194400C72616 /* CopyFiles */,
			);
			buildRules = (
			);
			dependencies = (
			);
			name = "	";
			productName = routeplannerx;
			productReference = 34A3C2EA1926194400C72616 /* 	 */;
			productType = "com.apple.product-type.tool";
		};
/* End PBXNativeTarget section */

/* Begin PBXProject section */
		34A3C2E21926194300C72616 /* Project object */ = {
			isa = PBXProject;
			attributes = {
				LastUpgradeCheck = 0510;
				ORGANIZATIONNAME = "Toine Hartman";
			};
			buildConfigurationList = 34A3C2E51926194300C72616 /* Build configuration list for PBXProject "routeplannerx" */;
			compatibilityVersion = "Xcode 3.2";
			developmentRegion = English;
			hasScannedForEncodings = 0;
			knownRegions = (
				en,
			);
			mainGroup = 34A3C2E11926194300C72616;
			productRefGroup = 34A3C2EB1926194400C72616 /* Products */;
			projectDirPath = "";
			projectRoot = "";
			targets = (
				34A3C2E91926194400C72616 /* 	 */,
			);
		};
/* End PBXProject section */

/* Begin PBXSourcesBuildPhase section */
		34A3C2E61926194400C72616 /* Sources */ = {
			isa = PBXSourcesBuildPhase;
			buildActionMask = 2147483647;
			files = (
				34E4725B192B7ECF0061E077 /* route.c in Sources */,
				34E4725C192B7ECF0061E077 /* types.c in Sources */,
				34E4725A192B7ECF0061E077 /* main.c in Sources */,
				34E47259192B7ECF0061E077 /* field.c in Sources */,
			);
			runOnlyForDeploymentPostprocessing = 0;
		};
/* End PBXSourcesBuildPhase section */

/* Begin XCBuildConfiguration section */
		34A3C2F11926194400C72616 /* Debug */ = {
			isa = XCBuildConfiguration;
			buildSettings = {
				ALWAYS_SEARCH_USER_PATHS = NO;
				CLANG_CXX_LANGUAGE_STANDARD = "gnu++0x";
				CLANG_CXX_LIBRARY = "libc++";
				CLANG_ENABLE_MODULES = YES;
				CLANG_ENABLE_OBJC_ARC = YES;
				CLANG_WARN_BOOL_CONVERSION = YES;
				CLANG_WARN_CONSTANT_CONVERSION = YES;
				CLANG_WARN_DIRECT_OBJC_ISA_USAGE = YES_ERROR;
				CLANG_WARN_EMPTY_BODY = YES;
				CLANG_WARN_ENUM_CONVERSION = YES;
				CLANG_WARN_INT_CONVERSION = YES;
				CLANG_WARN_OBJC_ROOT_CLASS = YES_ERROR;
				CLANG_WARN__DUPLICATE_METHOD_MATCH = YES;
				COPY_PHASE_STRIP = NO;
				GCC_C_LANGUAGE_STANDARD = gnu99;
				GCC_DYNAMIC_NO_PIC = NO;
				GCC_ENABLE_OBJC_EXCEPTIONS = YES;
				GCC_OPTIMIZATION_LEVEL = 0;
				GCC_PREPROCESSOR_DEFINITIONS = (
					"DEBUG=1",
					"$(inherited)",
				);
				GCC_SYMBOLS_PRIVATE_EXTERN = NO;
				GCC_WARN_64_TO_32_BIT_CONVERSION = YES;
				GCC_WARN_ABOUT_RETURN_TYPE = YES_ERROR;
				GCC_WARN_UNDECLARED_SELECTOR = YES;
				GCC_WARN_UNINITIALIZED_AUTOS = YES_AGGRESSIVE;
				GCC_WARN_UNUSED_FUNCTION = YES;
				GCC_WARN_UNUSED_VARIABLE = YES;
				MACOSX_DEPLOYMENT_TARGET = 10.9;
				ONLY_ACTIVE_ARCH = YES;
				SDKROOT = macosx;
			};
			name = Debug;
		};
		34A3C2F21926194400C72616 /* Release */ = {
			isa = XCBuildConfiguration;
			buildSettings = {
				ALWAYS_SEARCH_USER_PATHS = NO;
				CLANG_CXX_LANGUAGE_STANDARD = "gnu++0x";
				CLANG_CXX_LIBRARY = "libc++";
				CLANG_ENABLE_MODULES = YES;
				CLANG_ENABLE_OBJC_ARC = YES;
				CLANG_WARN_BOOL_CONVERSION = YES;
				CLANG_WARN_CONSTANT_CONVERSION = YES;
				CLANG_WARN_DIRECT_OBJC_ISA_USAGE = YES_ERROR;
				CLANG_WARN_EMPTY_BODY = YES;
				CLANG_WARN_ENUM_CONVERSION = YES;
				CLANG_WARN_INT_CONVERSION = YES;
				CLANG_WARN_OBJC_ROOT_CLASS = YES_ERROR;
				CLANG_WARN__DUPLICATE_METHOD_MATCH = YES;
				COPY_PHASE_STRIP = YES;
				DEBUG_INFORMATION_FORMAT = "dwarf-with-dsym";
				ENABLE_NS_ASSERTIONS = NO;
				GCC_C_LANGUAGE_STANDARD = gnu99;
				GCC_ENABLE_OBJC_EXCEPTIONS = YES;
				GCC_WARN_64_TO_32_BIT_CONVERSION = YES;
				GCC_WARN_ABOUT_RETURN_TYPE = YES_ERROR;
				GCC_WARN_UNDECLARED_SELECTOR = YES;
				GCC_WARN_UNINITIALIZED_AUTOS = YES_AGGRESSIVE;
				GCC_WARN_UNUSED_FUNCTION = YES;
				GCC_WARN_UNUSED_VARIABLE = YES;
				MACOSX_DEPLOYMENT_TARGET = 10.9;
				SDKROOT = macosx;
			};
			name = Release;
		};
		34A3C2F41926194400C72616 /* Debug */ = {
			isa = XCBuildConfiguration;
			buildSettings = {
				CLANG_ENABLE_MODULES = YES;
				PRODUCT_NAME = "$(TARGET_NAME)";
			};
			name = Debug;
		};
		34A3C2F51926194400C72616 /* Release */ = {
			isa = XCBuildConfiguration;
			buildSettings = {
				CLANG_ENABLE_MODULES = YES;
				PRODUCT_NAME = "$(TARGET_NAME)";
			};
			name = Release;
		};
/* End XCBuildConfiguration section */

/* Begin XCConfigurationList section */
		34A3C2E51926194300C72616 /* Build configuration list for PBXProject "routeplannerx" */ = {
			isa = XCConfigurationList;
			buildConfigurations = (
				34A3C2F11926194400C72616 /* Debug */,
				34A3C2F21926194400C72616 /* Release */,
			);
			defaultConfigurationIsVisible = 0;
			defaultConfigurationName = Release;
		};
		34A3C2F31926194400C72616 /* Build configuration list for PBXNativeTarget "	" */ = {
			isa = XCConfigurationList;
			buildConfigurations = (
				34A3C2F41926194400C72616 /* Debug */,
				34A3C2F51926194400C72616 /* Release */,
			);
			defaultConfigurationIsVisible = 0;
			defaultConfigurationName = Release;
		};
/* End XCConfigurationList section */
	};
	rootObject = 34A3C2E21926194300C72616 /* Project object */;
}
